dependencies:
  esp-idf-lib/ads111x:
    component_hash: fd18497adfb7210d750188986bc7cebc048db36abb64fdbe7216d4536083c4a2
    dependencies:
    - name: esp-idf-lib/esp_idf_lib_helpers
      registry_url: https://components.espressif.com
      require: private
      version: '*'
    - name: esp-idf-lib/i2cdev
      registry_url: https://components.espressif.com
      require: private
      version: '*'
    source:
      registry_url: https://components.espressif.com/
      type: service
    targets:
    - esp32
    - esp32c2
    - esp32c3
    - esp32c5
    - esp32c6
    - esp32c61
    - esp32h2
    - esp32p4
    - esp32s2
    - esp32s3
    version: 1.1.14
  esp-idf-lib/esp_idf_lib_helpers:
    component_hash: 689853bb8993434f9556af0f2816e808bf77b5d22100144b21f3519993daf237
    dependencies: []
    source:
      registry_url: https://components.espressif.com/
      type: service
    targets:
    - esp32
    - esp32c2
    - esp32c3
    - esp32c5
    - esp32c6
    - esp32c61
    - esp32h2
    - esp32p4
    - esp32s2
    - esp32s3
    version: 1.4.0
  esp-idf-lib/i2cdev:
    component_hash: 9e22a91420695242ceac2c00788820ae45826224d38ef003a1a894367c55ede4
    dependencies:
    - name: esp-idf-lib/esp_idf_lib_helpers
      registry_url: https://components.espressif.com
      require: private
      version: '*'
    source:
      registry_url: https://components.espressif.com/
      type: service
    targets:
    - esp32
    - esp32c2
    - esp32c3
    - esp32c5
    - esp32c6
    - esp32c61
    - esp32h2
    - esp32p4
    - esp32s2
    - esp32s3
    version: 2.1.1
  espressif/button:
    component_hash: d0afa32f0e50d60bc0c6fc23f7eea98adc6b02cfe70b590bc52c23c506745287
    dependencies:
    - name: espressif/cmake_utilities
      registry_url: https://components.espressif.com
      require: private
      version: '*'
    - name: idf
      require: private
      version: '>=4.0'
    source:
      registry_url: https://components.espressif.com
      type: service
    version: 4.1.6
  espressif/cmake_utilities:
    component_hash: 351350613ceafba240b761b4ea991e0f231ac7a9f59a9ee901f751bddc0bb18f
    dependencies:
    - name: idf
      require: private
      version: '>=4.1'
    source:
      registry_url: https://components.espressif.com
      type: service
    version: 0.5.3
  espressif/touch_button:
    component_hash: 1f33768b4a64b7671e1012df6ed6090040526839a4898d9a0d9f15eb892ce6c3
    dependencies:
    - name: espressif/cmake_utilities
      registry_url: https://components.espressif.com
      require: private
      version: '*'
    - name: espressif/button
      registry_url: https://components.espressif.com
      require: public
      version: ^4
    - name: espressif/touch_button_sensor
      registry_url: https://components.espressif.com
      require: public
      version: ^0.2.2
    - name: idf
      require: private
      version: '>=4.4'
    source:
      registry_url: https://components.espressif.com/
      type: service
    targets:
    - esp32
    - esp32s2
    - esp32s3
    - esp32p4
    version: 0.1.0~1
  espressif/touch_button_sensor:
    component_hash: 25570fae2d9bf3590a4fea6ed56ea69c45b64d423849b9f165f7721f5ae0b5a5
    dependencies:
    - name: espressif/cmake_utilities
      registry_url: https://components.espressif.com
      require: private
      version: 0.*
    - name: idf
      require: private
      version: '>=4.4,<6.0'
    - name: espressif/touch_sensor_fsm
      registry_url: https://components.espressif.com
      require: private
      version: '>=0.8.1~1,<0.8.2'
    - name: espressif/touch_sensor_lowlevel
      registry_url: https://components.espressif.com
      require: public
      version: '>=0.9.1~1,<0.10.0'
    source:
      registry_url: https://components.espressif.com
      type: service
    targets:
    - esp32
    - esp32s2
    - esp32s3
    - esp32p4
    - linux
    version: 0.2.2~1
  espressif/touch_sensor_fsm:
    component_hash: c1918e4dc4d354ee4a1c918d99eff987dd50c2b99b153cc99afe41a1f41b5dcd
    dependencies:
    - name: espressif/cmake_utilities
      registry_url: https://components.espressif.com
      require: private
      version: 0.*
    - name: idf
      require: private
      version: '>=4.4'
    source:
      registry_url: https://components.espressif.com
      type: service
    targets:
    - esp32
    - esp32s2
    - esp32s3
    - esp32p4
    - linux
    version: 0.8.1~1
  espressif/touch_sensor_lowlevel:
    component_hash: b8d5f8c785c91619d4fe531c874c3897bede0428fb3fe854bea4048e12348e1f
    dependencies:
    - name: espressif/cmake_utilities
      registry_url: https://components.espressif.com
      require: private
      version: 0.*
    - name: idf
      require: private
      version: '>=4.4,<6.0'
    source:
      registry_url: https://components.espressif.com
      type: service
    targets:
    - esp32
    - esp32s2
    - esp32s3
    - esp32p4
    - linux
    version: 0.9.1~1
  idf:
    source:
      type: idf
    version: 5.5.3
  protocol_examples_common:
    dependencies: []
    source:
      path: /home/iroh/.espressif/v5.5.3/esp-idf/examples/common_components/protocol_examples_common
      type: local
    version: '*'
  touch_sens_examples_common:
    dependencies: []
    source:
      path: /home/iroh/.espressif/v5.5.3/esp-idf/examples/peripherals/touch_sensor/touch_sens_examples_common
      type: local
    version: '*'
direct_dependencies:
- esp-idf-lib/ads111x
- esp-idf-lib/esp_idf_lib_helpers
- esp-idf-lib/i2cdev
- espressif/touch_button
- protocol_examples_common
- touch_sens_examples_common
manifest_hash: c18b1bb8cffcf51ccd58e7b4679299cf48076c4d6ecfb04c5117e1666a1829b7
target: esp32
version: 2.0.0
