dependencies:
  esp-idf-lib/ads111x:
    component_hash: fd18497adfb7210d750188986bc7cebc048db36abb64fdbe7216d4536083c4a2
    dependencies:
    - name: esp-idf-lib/esp_idf_lib_helpers
      registry_url: https://components.espressif.com
      require: private
      version: '*'
    - name: esp-idf-lib/i2cdev
      registry_url: https://components.espressif.com
      require: private
      version: '*'
    source:
      registry_url: https://components.espressif.com/
      type: service
    targets:
    - esp32
    - esp32c2
    - esp32c3
    - esp32c5
    - esp32c6
    - esp32c61
    - esp32h2
    - esp32p4
    - esp32s2
    - esp32s3
    version: 1.1.14
  esp-idf-lib/dht:
    component_hash: a0a1b26519566809041bc8fccf754e3ee9b25f73b0decbdc51bfd16143dedd66
    dependencies:
    - name: esp-idf-lib/esp_idf_lib_helpers
      registry_url: https://components.espressif.com
      require: private
      version: '*'
    source:
      registry_url: https://components.espressif.com/
      type: service
    targets:
    - esp32
    - esp32c2
    - esp32c3
    - esp32c5
    - esp32c6
    - esp32c61
    - esp32h2
    - esp32p4
    - esp32s2
    - esp32s3
    version: 1.2.0
  esp-idf-lib/esp_idf_lib_helpers:
    component_hash: 689853bb8993434f9556af0f2816e808bf77b5d22100144b21f3519993daf237
    dependencies: []
    source:
      registry_url: https://components.espressif.com/
      type: service
    targets:
    - esp32
    - esp32c2
    - esp32c3
    - esp32c5
    - esp32c6
    - esp32c61
    - esp32h2
    - esp32p4
    - esp32s2
    - esp32s3
    version: 1.4.0
  esp-idf-lib/i2cdev:
    component_hash: 9e22a91420695242ceac2c00788820ae45826224d38ef003a1a894367c55ede4
    dependencies:
    - name: esp-idf-lib/esp_idf_lib_helpers
      registry_url: https://components.espressif.com
      require: private
      version: '*'
    source:
      registry_url: https://components.espressif.com/
      type: service
    targets:
    - esp32
    - esp32c2
    - esp32c3
    - esp32c5
    - esp32c6
    - esp32c61
    - esp32h2
    - esp32p4
    - esp32s2
    - esp32s3
    version: 2.1.1
  espressif/ethernet_init:
    component_hash: b7303f1482091766b9b653ec8332775a9485f4df3c69141577de82847c4d2adf
    dependencies:
    - matches:
      - if: $CONFIG{ETHERNET_SPI_USE_CH390} == 1
      name: espressif/ch390
      registry_url: https://components.espressif.com
      require: private
      version: '*'
    - matches:
      - if: $CONFIG{ETHERNET_SPI_USE_DM9051} == 1
      name: espressif/dm9051
      registry_url: https://components.espressif.com
      require: private
      rules:
      - if: idf_version >=6.0
        version: ^1.0.0
      version: '*'
    - matches:
      - if: idf_version >=6.0
        version: ^1.0.0
      name: espressif/dp83848
      registry_url: https://components.espressif.com
      require: private
      rules:
      - if: target in [esp32, esp32p4]
      - if: $CONFIG{ETHERNET_PHY_USE_DP83848} == 1
      version: '*'
    - matches:
      - if: $CONFIG{ETHERNET_SPI_USE_ENC28J60} == 1
      name: espressif/enc28j60
      registry_url: https://components.espressif.com
      require: private
      version: '*'
    - matches:
      - if: idf_version >=6.0
        version: ^1.0.0
      name: espressif/ip101
      registry_url: https://components.espressif.com
      require: private
      rules:
      - if: target in [esp32, esp32p4]
      - if: $CONFIG{ETHERNET_PHY_USE_IP101} == 1
      version: '*'
    - matches:
      - if: idf_version >=6.0
        version: ^1.0.0
      name: espressif/ksz80xx
      registry_url: https://components.espressif.com
      require: private
      rules:
      - if: target in [esp32, esp32p4]
      - if: $CONFIG{ETHERNET_PHY_USE_KSZ80XX} == 1
      version: '*'
    - matches:
      - if: $CONFIG{ETHERNET_SPI_USE_KSZ8851SNL} == 1
      name: espressif/ksz8851snl
      registry_url: https://components.espressif.com
      require: private
      rules:
      - if: idf_version >=6.0
        version: ^1.0.0
      version: '*'
    - matches:
      - if: $CONFIG{ETHERNET_SPI_USE_LAN865X} == 1
      name: espressif/lan865x
      registry_url: https://components.espressif.com
      require: private
      version: ^0.1.1
    - name: espressif/lan867x
      registry_url: https://components.espressif.com
      require: private
      rules:
      - if: target in [esp32, esp32p4]
      - if: $CONFIG{ETHERNET_PHY_USE_LAN867X} == 1
      version: '>=2.0.0'
    - matches:
      - if: idf_version >=6.0
        version: ^1.0.0
      name: espressif/lan87xx
      registry_url: https://components.espressif.com
      require: private
      rules:
      - if: target in [esp32, esp32p4]
      - if: $CONFIG{ETHERNET_PHY_USE_LAN87XX} == 1
      version: '*'
    - matches:
      - if: idf_version >=6.0
        version: ^1.0.0
      name: espressif/rtl8201
      registry_url: https://components.espressif.com
      require: private
      rules:
      - if: target in [esp32, esp32p4]
      - if: $CONFIG{ETHERNET_PHY_USE_RTL8201} == 1
      version: '*'
    - matches:
      - if: $CONFIG{ETHERNET_SPI_USE_W5500} == 1
      name: espressif/w5500
      registry_url: https://components.espressif.com
      require: private
      rules:
      - if: idf_version >=6.0
        version: ^1.0.0
      version: '*'
    - name: idf
      require: private
      version: '>=5.4.3,!=5.5.0,!=5.5.1'
    source:
      registry_url: https://components.espressif.com/
      type: service
    version: 1.2.0
  espressif/mqtt:
    component_hash: ffdad5659706b4dc14bc63f8eb73ef765efa015bf7e9adf71c813d52a2dc9342
    dependencies:
    - name: idf
      require: private
      version: '>=5.3'
    source:
      registry_url: https://components.espressif.com/
      type: service
    version: 1.0.0
  idf:
    source:
      type: idf
    version: 6.0.0
  protocol_examples_common:
    dependencies:
    - name: espressif/ethernet_init
      rules:
      - if: target != linux
      version: ~1.2.0
    source:
      path: ../../../.espressif/v6.0/esp-idf/examples/common_components/protocol_examples_common
      type: local
    version: '*'
direct_dependencies:
- esp-idf-lib/ads111x
- esp-idf-lib/dht
- esp-idf-lib/esp_idf_lib_helpers
- esp-idf-lib/i2cdev
- espressif/mqtt
- protocol_examples_common
manifest_hash: dd3b79b8ae1a760ac8e1d788d00a975edec27b3f7b3fd071a755a3d665d6b168
target: esp32
version: 3.0.0
